{
  "version": 4,
  "terraform_version": "1.15.8",
  "serial": 4,
  "lineage": "623217a1-88c7-fd8e-d517-505ba63efe8a",
  "outputs": {},
  "resources": [
    {
      "mode": "managed",
      "type": "aws_instance",
      "name": "example",
      "provider": "provider[\"registry.terraform.io/hashicorp/aws\"]",
      "instances": [
        {
          "schema_version": 2,
          "attributes": {
            "ami": "ami-00d2dbb426772b03a",
            "arn": "arn:aws:ec2:ap-south-1:271791846334:instance/i-009eada177099e615",
            "associate_public_ip_address": true,
            "availability_zone": "ap-south-1b",
            "capacity_reservation_specification": [
              {
                "capacity_reservation_preference": "open",
                "capacity_reservation_target": []
              }
            ],
            "cpu_options": [
              {
                "amd_sev_snp": "",
                "core_count": 1,
                "nested_virtualization": "",
                "threads_per_core": 2
              }
            ],
            "credit_specification": [
              {
                "cpu_credits": "unlimited"
              }
            ],
            "disable_api_stop": false,
            "disable_api_termination": false,
            "ebs_block_device": [],
            "ebs_optimized": false,
            "enable_primary_ipv6": null,
            "enclave_options": [
              {
                "enabled": false
              }
            ],
            "ephemeral_block_device": [],
            "force_destroy": false,
            "get_password_data": false,
            "hibernation": false,
            "host_id": "",
            "host_resource_group_arn": null,
            "iam_instance_profile": "",
            "id": "i-009eada177099e615",
            "instance_initiated_shutdown_behavior": "stop",
            "instance_lifecycle": "",
            "instance_market_options": [],
            "instance_state": "running",
            "instance_type": "t3.micro",
            "ipv6_address_count": 0,
            "ipv6_addresses": [],
            "key_name": "Kaustav_void_aws",
            "launch_template": [],
            "maintenance_options": [
              {
                "auto_recovery": "default"
              }
            ],
            "metadata_options": [
              {
                "http_endpoint": "enabled",
                "http_protocol_ipv6": "disabled",
                "http_put_response_hop_limit": 2,
                "http_tokens": "required",
                "instance_metadata_tags": "disabled"
              }
            ],
            "monitoring": false,
            "network_interface": [],
            "outpost_arn": "",
            "password_data": "",
            "placement_group": "",
            "placement_group_id": "",
            "placement_partition_number": 0,
            "primary_network_interface": [
              {
                "delete_on_termination": true,
                "network_interface_id": "eni-012b4fbf45f192947"
              }
            ],
            "primary_network_interface_id": "eni-012b4fbf45f192947",
            "private_dns": "ip-172-31-8-26.ap-south-1.compute.internal",
            "private_dns_name_options": [
              {
                "enable_resource_name_dns_a_record": false,
                "enable_resource_name_dns_aaaa_record": false,
                "hostname_type": "ip-name"
              }
            ],
            "private_ip": "172.31.8.26",
            "public_dns": "ec2-3-108-252-29.ap-south-1.compute.amazonaws.com",
            "public_ip": "3.108.252.29",
            "region": "ap-south-1",
            "root_block_device": [
              {
                "delete_on_termination": true,
                "device_name": "/dev/xvda",
                "encrypted": false,
                "iops": 3000,
                "kms_key_id": "",
                "tags": {},
                "tags_all": {},
                "throughput": 125,
                "volume_id": "vol-0ebd36c8e3d6e8795",
                "volume_size": 8,
                "volume_type": "gp3"
              }
            ],
            "secondary_network_interface": [],
            "secondary_private_ips": [],
            "security_groups": [
              "project-security-sg"
            ],
            "source_dest_check": true,
            "spot_instance_request_id": "",
            "subnet_id": "subnet-0f4e1a5f8f9ee3208",
            "tags": {
              "Name": "Day-10-ec2-provisioned-by-terraform"
            },
            "tags_all": {
              "Name": "Day-10-ec2-provisioned-by-terraform"
            },
            "tenancy": "default",
            "timeouts": null,
            "user_data": null,
            "user_data_base64": null,
            "user_data_replace_on_change": false,
            "volume_tags": null,
            "vpc_security_group_ids": [
              "sg-00d5723c06331eee0"
            ]
          },
          "sensitive_attributes": [],
          "identity_schema_version": 0,
          "identity": {
            "account_id": "271791846334",
            "id": "i-009eada177099e615",
            "region": "ap-south-1"
          },
          "private": "eyJlMmJmYjczMC1lY2FhLTExZTYtOGY4OC0zNDM2M2JjN2M0YzAiOnsiY3JlYXRlIjo2MDAwMDAwMDAwMDAsImRlbGV0ZSI6MTIwMDAwMDAwMDAwMCwicmVhZCI6OTAwMDAwMDAwMDAwLCJ1cGRhdGUiOjYwMDAwMDAwMDAwMH0sInNjaGVtYV92ZXJzaW9uIjoiMiJ9",
          "dependencies": [
            "aws_key_pair.deployer",
            "aws_security_group.web_sg"
          ]
        }
      ]
    },
    {
      "mode": "managed",
      "type": "aws_key_pair",
      "name": "deployer",
      "provider": "provider[\"registry.terraform.io/hashicorp/aws\"]",
      "instances": [
        {
          "schema_version": 1,
          "attributes": {
            "arn": "arn:aws:ec2:ap-south-1:271791846334:key-pair/Kaustav_void_aws",
            "fingerprint": "46:0f:60:4f:b9:62:19:30:85:95:3a:cd:5c:54:7d:e8",
            "id": "Kaustav_void_aws",
            "key_name": "Kaustav_void_aws",
            "key_name_prefix": "",
            "key_pair_id": "key-0964ad41e1a219a21",
            "key_type": "rsa",
            "public_key": "ssh-rsa AAAAB3NzaC1yc2EAAAADAQABAAACAQC/+f5YcTmUz23Xrxjt6NWXQSlKW40wzFbpjvJvetRcjHBFx/4lDc3TN+rNZ3TUwM+LYCy+kAB0R6okXG+n/1QrY16FHf85gaMLhe2U0rLCIQSyVo3yq00FqT2s4RL1S6jXRE2fiLviUT3WqfT52j92Q+nxRRE0yunHrPfflLzh+cUDUkR9BgzbmUO8J9Dqll0FATPEAR9ZlLLP/pTmFPPGxOLQ12Vj0X+hu2Bb6/HoOxlFth4DtZEcU5YIJkwjx1bUk55MUmgSN0vuyFgCycsJ23VN/0o1cG9WOJNGSx24BQsv+lYfRBUnDQbRowQduWlx6hMM+5xc7wozwajQg7TTgfMk7v2A8XHlUNPv8pgzhG2cBAFnu4/PesPjaJ0va4XsDiBZLFX2bdp7JngbzTIB+WrfYAYtJ6MPY3VmKyKYm8wvdEjaU49LCeOjxnTyZmzL8+tcPHZXut0r9Y9Zsjz31PBISVliRfJ5KuPk9gnlPn+0WB69AoYA7mVgH9bzcRoAiQow72rBPp2IHKnriRHJFW+/zqhm0a0dl8xoTqV1WZTUEGpKUeLSB1xBs/y62M5yqrY3dnxH+Eq8xINyYRJQN+siF0yeXkPY/oqbZv1PRkqe8lRBX8n+xTmsKG236hYRfzTKNYzJ5e/Vmo/8uX6bkI9KjNSjoBFZqkneKuNbUQ== xrig@DESKTOP-0AA3J7N",
            "region": "ap-south-1",
            "tags": null,
            "tags_all": {}
          },
          "sensitive_attributes": [],
          "identity_schema_version": 0,
          "private": "eyJzY2hlbWFfdmVyc2lvbiI6IjEifQ=="
        }
      ]
    },
    {
      "mode": "managed",
      "type": "aws_security_group",
      "name": "web_sg",
      "provider": "provider[\"registry.terraform.io/hashicorp/aws\"]",
      "instances": [
        {
          "schema_version": 1,
          "attributes": {
            "arn": "arn:aws:ec2:ap-south-1:271791846334:security-group/sg-00d5723c06331eee0",
            "description": "Allow SSH and HTTP inbound; all outbound",
            "egress": [
              {
                "cidr_blocks": [
                  "0.0.0.0/0"
                ],
                "description": "All outbound",
                "from_port": 0,
                "ipv6_cidr_blocks": [],
                "prefix_list_ids": [],
                "protocol": "-1",
                "security_groups": [],
                "self": false,
                "to_port": 0
              }
            ],
            "id": "sg-00d5723c06331eee0",
            "ingress": [
              {
                "cidr_blocks": [
                  "0.0.0.0/0"
                ],
                "description": "HTTP from anywhere through port 80",
                "from_port": 80,
                "ipv6_cidr_blocks": [],
                "prefix_list_ids": [],
                "protocol": "tcp",
                "security_groups": [],
                "self": false,
                "to_port": 80
              },
              {
                "cidr_blocks": [
                  "0.0.0.0/0"
                ],
                "description": "SSH from anywhere through port 22",
                "from_port": 22,
                "ipv6_cidr_blocks": [],
                "prefix_list_ids": [],
                "protocol": "tcp",
                "security_groups": [],
                "self": false,
                "to_port": 22
              }
            ],
            "name": "project-security-sg",
            "name_prefix": "",
            "owner_id": "271791846334",
            "region": "ap-south-1",
            "revoke_rules_on_delete": false,
            "tags": null,
            "tags_all": {},
            "timeouts": null,
            "vpc_id": "vpc-031a3860b14a21f30"
          },
          "sensitive_attributes": [],
          "identity_schema_version": 0,
          "identity": {
            "account_id": "271791846334",
            "id": "sg-00d5723c06331eee0",
            "region": "ap-south-1"
          },
          "private": "eyJlMmJmYjczMC1lY2FhLTExZTYtOGY4OC0zNDM2M2JjN2M0YzAiOnsiY3JlYXRlIjo2MDAwMDAwMDAwMDAsImRlbGV0ZSI6OTAwMDAwMDAwMDAwfSwic2NoZW1hX3ZlcnNpb24iOiIxIn0="
        }
      ]
    }
  ],
  "check_results": null
}
